
Microsoft Visual Studio Solution File, Format Version 12.00
# Visual Studio Version 17
VisualStudioVersion = 17.4.33110.190
MinimumVisualStudioVersion = 10.0.40219.1
Project("{FAE04EC0-301F-11D3-BF4B-00C04F79EFBC}") = "RFIDTimer", "RFIDTimer.csproj", "{04687C10-A735-46B3-A68F-3871E5F74709}"
EndProject
Global
	GlobalSection(SolutionConfigurationPlatforms) = preSolution
		Debug|Any CPU = Debug|Any CPU
		Release|Any CPU = Release|Any CPU
	EndGlobalSection
	GlobalSection(ProjectConfigurationPlatforms) = postSolution
		{04687C10-A735-46B3-A68F-3871E5F74709}.Debug|Any CPU.ActiveCfg = Debug|Any CPU
		{04687C10-A735-46B3-A68F-3871E5F74709}.Debug|Any CPU.Build.0 = Debug|Any CPU
		{04687C10-A735-46B3-A68F-3871E5F74709}.Release|Any CPU.ActiveCfg = Release|Any CPU
		{04687C10-A735-46B3-A68F-3871E5F74709}.Release|Any CPU.Build.0 = Release|Any CPU
	EndGlobalSection
	GlobalSection(SolutionProperties) = preSolution
		HideSolutionNode = FALSE
	EndGlobalSection
	GlobalSection(ExtensibilityGlobals) = postSolution
		SolutionGuid = {5A3FABBF-E44D-45F0-9F9D-5254BF6495C1}
	EndGlobalSection
EndGlobal
